
Microsoft Visual Studio Solution File, Format Version 12.00
# Visual Studio 15
VisualStudioVersion = 15.0.26430.15
MinimumVisualStudioVersion = 10.0.40219.1
Project("{FAE04EC0-301F-11D3-BF4B-00C04F79EFBC}") = "QuotedPriceSys", "QuotedPriceSys\QuotedPriceSys.csproj", "{8D3BF1DB-4E6C-41E3-BEA2-AD9BA9CE95F3}"
EndProject
Project("{FAE04EC0-301F-11D3-BF4B-00C04F79EFBC}") = "ProjectSytem.Model", "ProjectSytem.Model\ProjectSytem.Model.csproj", "{BE43A2A8-39D8-4EEB-9AE9-EDBD96B4B1DD}"
EndProject
Global
	GlobalSection(SolutionConfigurationPlatforms) = preSolution
		Debug|Any CPU = Debug|Any CPU
		Release|Any CPU = Release|Any CPU
	EndGlobalSection
	GlobalSection(ProjectConfigurationPlatforms) = postSolution
		{8D3BF1DB-4E6C-41E3-BEA2-AD9BA9CE95F3}.Debug|Any CPU.ActiveCfg = Debug|Any CPU
		{8D3BF1DB-4E6C-41E3-BEA2-AD9BA9CE95F3}.Debug|Any CPU.Build.0 = Debug|Any CPU
		{8D3BF1DB-4E6C-41E3-BEA2-AD9BA9CE95F3}.Release|Any CPU.ActiveCfg = Release|Any CPU
		{8D3BF1DB-4E6C-41E3-BEA2-AD9BA9CE95F3}.Release|Any CPU.Build.0 = Release|Any CPU
		{BE43A2A8-39D8-4EEB-9AE9-EDBD96B4B1DD}.Debug|Any CPU.ActiveCfg = Debug|Any CPU
		{BE43A2A8-39D8-4EEB-9AE9-EDBD96B4B1DD}.Debug|Any CPU.Build.0 = Debug|Any CPU
		{BE43A2A8-39D8-4EEB-9AE9-EDBD96B4B1DD}.Release|Any CPU.ActiveCfg = Release|Any CPU
		{BE43A2A8-39D8-4EEB-9AE9-EDBD96B4B1DD}.Release|Any CPU.Build.0 = Release|Any CPU
	EndGlobalSection
	GlobalSection(SolutionProperties) = preSolution
		HideSolutionNode = FALSE
	EndGlobalSection
EndGlobal
